{
  "version": 4,
  "terraform_version": "1.9.7",
  "serial": 1,
  "lineage": "46b5121a-c6ea-fec4-1a71-aa29b4a77a5b",
  "outputs": {},
  "resources": [
    {
      "mode": "managed",
      "type": "spotify_playlist",
      "name": "gg",
      "provider": "provider[\"registry.terraform.io/conradludgate/spotify\"]",
      "instances": [
        {
          "schema_version": 0,
          "attributes": {
            "description": null,
            "id": "2F6eBwFBPnyCJbWV9Aa2yh",
            "name": "gg",
            "public": true,
            "snapshot_id": "AAAAAv8ZKMIb5D/6D9jEeFCUJi4TDaLU",
            "tracks": [
              "0a56ZS4WFG85imc7Zd3eBu"
            ]
          },
          "sensitive_attributes": [],
          "private": "bnVsbA=="
        }
      ]
    }
  ],
  "check_results": null
}
